
Microsoft Visual Studio Solution File, Format Version 12.00
# Visual Studio 15
VisualStudioVersion = 15.0.28010.0
MinimumVisualStudioVersion = 10.0.40219.1
Project("{FAE04EC0-301F-11D3-BF4B-00C04F79EFBC}") = "ProdQuot", "ProdQuot\ProdQuot.csproj", "{FD61A1E3-E9C2-44BD-91B8-C863CDD55AC1}"
EndProject
Global
	GlobalSection(SolutionConfigurationPlatforms) = preSolution
		Debug|Any CPU = Debug|Any CPU
		Release|Any CPU = Release|Any CPU
	EndGlobalSection
	GlobalSection(ProjectConfigurationPlatforms) = postSolution
		{FD61A1E3-E9C2-44BD-91B8-C863CDD55AC1}.Debug|Any CPU.ActiveCfg = Debug|Any CPU
		{FD61A1E3-E9C2-44BD-91B8-C863CDD55AC1}.Debug|Any CPU.Build.0 = Debug|Any CPU
		{FD61A1E3-E9C2-44BD-91B8-C863CDD55AC1}.Release|Any CPU.ActiveCfg = Release|Any CPU
		{FD61A1E3-E9C2-44BD-91B8-C863CDD55AC1}.Release|Any CPU.Build.0 = Release|Any CPU
	EndGlobalSection
	GlobalSection(SolutionProperties) = preSolution
		HideSolutionNode = FALSE
	EndGlobalSection
	GlobalSection(ExtensibilityGlobals) = postSolution
		SolutionGuid = {201AD427-8C45-4FBE-80B0-D1D73327AA54}
	EndGlobalSection
EndGlobal
